
Microsoft Visual Studio Solution File, Format Version 12.00
Project("{FAE04EC0-301F-11D3-BF4B-00C04F79EFBC}") = "AdventOfCodeDay2", "AdventOfCodeDay2\AdventOfCodeDay2.csproj", "{64354A73-BFB8-4E53-BD79-D0E3E672145E}"
EndProject
Global
	GlobalSection(SolutionConfigurationPlatforms) = preSolution
		Debug|Any CPU = Debug|Any CPU
		Release|Any CPU = Release|Any CPU
	EndGlobalSection
	GlobalSection(ProjectConfigurationPlatforms) = postSolution
		{64354A73-BFB8-4E53-BD79-D0E3E672145E}.Debug|Any CPU.ActiveCfg = Debug|Any CPU
		{64354A73-BFB8-4E53-BD79-D0E3E672145E}.Debug|Any CPU.Build.0 = Debug|Any CPU
		{64354A73-BFB8-4E53-BD79-D0E3E672145E}.Release|Any CPU.ActiveCfg = Release|Any CPU
		{64354A73-BFB8-4E53-BD79-D0E3E672145E}.Release|Any CPU.Build.0 = Release|Any CPU
	EndGlobalSection
EndGlobal
